// !$*UTF8*$!
{
	archiveVersion = 1;
	classes = {
	};
	objectVersion = 50;
	objects = {

/* Begin PBXBuildFile section */
		FBFDBC6D2131FD81007159F0 /* AppDelegate.swift in Sources */ = {isa = PBXBuildFile; fileRef = FBFDBC6C2131FD81007159F0 /* AppDelegate.swift */; };
		FBFDBC6F2131FD81007159F0 /* ViewController.swift in Sources */ = {isa = PBXBuildFile; fileRef = FBFDBC6E2131FD81007159F0 /* ViewController.swift */; };
		FBFDBC722131FD81007159F0 /* Main.storyboard in Resources */ = {isa = PBXBuildFile; fileRef = FBFDBC702131FD81007159F0 /* Main.storyboard */; };
		FBFDBC742131FD82007159F0 /* Assets.xcassets in Resources */ = {isa = PBXBuildFile; fileRef = FBFDBC732131FD82007159F0 /* Assets.xcassets */; };
		FBFDBC772131FD82007159F0 /* LaunchScreen.storyboard in Resources */ = {isa = PBXBuildFile; fileRef = FBFDBC752131FD82007159F0 /* LaunchScreen.storyboard */; };
		FBFDBC802131FDD3007159F0 /* EmojiArtViewController.swift in Sources */ = {isa = PBXBuildFile; fileRef = FBFDBC7F2131FDD3007159F0 /* EmojiArtViewController.swift */; };
		FBFDBC822131FE51007159F0 /* EmojiArtView.swift in Sources */ = {isa = PBXBuildFile; fileRef = FBFDBC812131FE51007159F0 /* EmojiArtView.swift */; };
		FBFDBC8621320351007159F0 /* Utility.swift in Sources */ = {isa = PBXBuildFile; fileRef = FBFDBC8521320351007159F0 /* Utility.swift */; };
		FBFDBC882132111B007159F0 /* EmojiArtDocumentTableViewController.swift in Sources */ = {isa = PBXBuildFile; fileRef = FBFDBC872132111B007159F0 /* EmojiArtDocumentTableViewController.swift */; };
/* End PBXBuildFile section */

/* Begin PBXFileReference section */
		FBFDBC692131FD81007159F0 /* EmojiArt.app */ = {isa = PBXFileReference; explicitFileType = wrapper.application; includeInIndex = 0; path = EmojiArt.app; sourceTree = BUILT_PRODUCTS_DIR; };
		FBFDBC6C2131FD81007159F0 /* AppDelegate.swift */ = {isa = PBXFileReference; lastKnownFileType = sourcecode.swift; path = AppDelegate.swift; sourceTree = "<group>"; };
		FBFDBC6E2131FD81007159F0 /* ViewController.swift */ = {isa = PBXFileReference; lastKnownFileType = sourcecode.swift; path = ViewController.swift; sourceTree = "<group>"; };
		FBFDBC712131FD81007159F0 /* Base */ = {isa = PBXFileReference; lastKnownFileType = file.storyboard; name = Base; path = Base.lproj/Main.storyboard; sourceTree = "<group>"; };
		FBFDBC732131FD82007159F0 /* Assets.xcassets */ = {isa = PBXFileReference; lastKnownFileType = folder.assetcatalog; path = Assets.xcassets; sourceTree = "<group>"; };
		FBFDBC762131FD82007159F0 /* Base */ = {isa = PBXFileReference; lastKnownFileType = file.storyboard; name = Base; path = Base.lproj/LaunchScreen.storyboard; sourceTree = "<group>"; };
		FBFDBC782131FD82007159F0 /* Info.plist */ = {isa = PBXFileReference; lastKnownFileType = text.plist.xml; path = Info.plist; sourceTree = "<group>"; };
		FBFDBC7F2131FDD3007159F0 /* EmojiArtViewController.swift */ = {isa = PBXFileReference; lastKnownFileType = sourcecode.swift; path = EmojiArtViewController.swift; sourceTree = "<group>"; };
		FBFDBC812131FE51007159F0 /* EmojiArtView.swift */ = {isa = PBXFileReference; lastKnownFileType = sourcecode.swift; path = EmojiArtView.swift; sourceTree = "<group>"; };
		FBFDBC8521320351007159F0 /* Utility.swift */ = {isa = PBXFileReference; lastKnownFileType = sourcecode.swift; path = Utility.swift; sourceTree = "<group>"; };
		FBFDBC872132111B007159F0 /* EmojiArtDocumentTableViewController.swift */ = {isa = PBXFileReference; lastKnownFileType = sourcecode.swift; path = EmojiArtDocumentTableViewController.swift; sourceTree = "<group>"; };
/* End PBXFileReference section */

/* Begin PBXFrameworksBuildPhase section */
		FBFDBC662131FD81007159F0 /* Frameworks */ = {
			isa = PBXFrameworksBuildPhase;
			buildActionMask = 2147483647;
			files = (
			);
			runOnlyForDeploymentPostprocessing = 0;
		};
/* End PBXFrameworksBuildPhase section */

/* Begin PBXGroup section */
		FBFDBC602131FD81007159F0 = {
			isa = PBXGroup;
			children = (
				FBFDBC6B2131FD81007159F0 /* EmojiArt */,
				FBFDBC6A2131FD81007159F0 /* Products */,
			);
			sourceTree = "<group>";
		};
		FBFDBC6A2131FD81007159F0 /* Products */ = {
			isa = PBXGroup;
			children = (
				FBFDBC692131FD81007159F0 /* EmojiArt.app */,
			);
			name = Products;
			sourceTree = "<group>";
		};
		FBFDBC6B2131FD81007159F0 /* EmojiArt */ = {
			isa = PBXGroup;
			children = (
				FBFDBC702131FD81007159F0 /* Main.storyboard */,
				FBFDBC872132111B007159F0 /* EmojiArtDocumentTableViewController.swift */,
				FBFDBC812131FE51007159F0 /* EmojiArtView.swift */,
				FBFDBC7F2131FDD3007159F0 /* EmojiArtViewController.swift */,
				FBFDBC8521320351007159F0 /* Utility.swift */,
				FBFDBC7E2131FD98007159F0 /* Supporting Files */,
				FBFDBC782131FD82007159F0 /* Info.plist */,
			);
			path = EmojiArt;
			sourceTree = "<group>";
		};
		FBFDBC7E2131FD98007159F0 /* Supporting Files */ = {
			isa = PBXGroup;
			children = (
				FBFDBC6E2131FD81007159F0 /* ViewController.swift */,
				FBFDBC6C2131FD81007159F0 /* AppDelegate.swift */,
				FBFDBC732131FD82007159F0 /* Assets.xcassets */,
				FBFDBC752131FD82007159F0 /* LaunchScreen.storyboard */,
			);
			path = "Supporting Files";
			sourceTree = "<group>";
		};
/* End PBXGroup section */

/* Begin PBXNativeTarget section */
		FBFDBC682131FD81007159F0 /* EmojiArt */ = {
			isa = PBXNativeTarget;
			buildConfigurationList = FBFDBC7B2131FD82007159F0 /* Build configuration list for PBXNativeTarget "EmojiArt" */;
			buildPhases = (
				FBFDBC652131FD81007159F0 /* Sources */,
				FBFDBC662131FD81007159F0 /* Frameworks */,
				FBFDBC672131FD81007159F0 /* Resources */,
			);
			buildRules = (
			);
			dependencies = (
			);
			name = EmojiArt;
			productName = EmojiArt;
			productReference = FBFDBC692131FD81007159F0 /* EmojiArt.app */;
			productType = "com.apple.product-type.application";
		};
/* End PBXNativeTarget section */

/* Begin PBXProject section */
		FBFDBC612131FD81007159F0 /* Project object */ = {
			isa = PBXProject;
			attributes = {
				LastSwiftUpdateCheck = 0940;
				LastUpgradeCheck = 0940;
				ORGANIZATIONNAME = "Cara Brennan";
				TargetAttributes = {
					FBFDBC682131FD81007159F0 = {
						CreatedOnToolsVersion = 9.4.1;
					};
				};
			};
			buildConfigurationList = FBFDBC642131FD81007159F0 /* Build configuration list for PBXProject "EmojiArt" */;
			compatibilityVersion = "Xcode 9.3";
			developmentRegion = en;
			hasScannedForEncodings = 0;
			knownRegions = (
				en,
				Base,
			);
			mainGroup = FBFDBC602131FD81007159F0;
			productRefGroup = FBFDBC6A2131FD81007159F0 /* Products */;
			projectDirPath = "";
			projectRoot = "";
			targets = (
				FBFDBC682131FD81007159F0 /* EmojiArt */,
			);
		};
/* End PBXProject section */

/* Begin PBXResourcesBuildPhase section */
		FBFDBC672131FD81007159F0 /* Resources */ = {
			isa = PBXResourcesBuildPhase;
			buildActionMask = 2147483647;
			files = (
				FBFDBC772131FD82007159F0 /* LaunchScreen.storyboard in Resources */,
				FBFDBC742131FD82007159F0 /* Assets.xcassets in Resources */,
				FBFDBC722131FD81007159F0 /* Main.storyboard in Resources */,
			);
			runOnlyForDeploymentPostprocessing = 0;
		};
/* End PBXResourcesBuildPhase section */

/* Begin PBXSourcesBuildPhase section */
		FBFDBC652131FD81007159F0 /* Sources */ = {
			isa = PBXSourcesBuildPhase;
			buildActionMask = 2147483647;
			files = (
				FBFDBC8621320351007159F0 /* Utility.swift in Sources */,
				FBFDBC882132111B007159F0 /* EmojiArtDocumentTableViewController.swift in Sources */,
				FBFDBC6F2131FD81007159F0 /* ViewController.swift in Sources */,
				FBFDBC802131FDD3007159F0 /* EmojiArtViewController.swift in Sources */,
				FBFDBC6D2131FD81007159F0 /* AppDelegate.swift in Sources */,
				FBFDBC822131FE51007159F0 /* EmojiArtView.swift in Sources */,
			);
			runOnlyForDeploymentPostprocessing = 0;
		};
/* End PBXSourcesBuildPhase section */

/* Begin PBXVariantGroup section */
		FBFDBC702131FD81007159F0 /* Main.storyboard */ = {
			isa = PBXVariantGroup;
			children = (
				FBFDBC712131FD81007159F0 /* Base */,
			);
			name = Main.storyboard;
			sourceTree = "<group>";
		};
		FBFDBC752131FD82007159F0 /* LaunchScreen.storyboard */ = {
			isa = PBXVariantGroup;
			children = (
				FBFDBC762131FD82007159F0 /* Base */,
			);
			name = LaunchScreen.storyboard;
			sourceTree = "<group>";
		};
/* End PBXVariantGroup section */

/* Begin XCBuildConfiguration section */
		FBFDBC792131FD82007159F0 /* Debug */ = {
			isa = XCBuildConfiguration;
			buildSettings = {
				ALWAYS_SEARCH_USER_PATHS = NO;
				CLANG_ANALYZER_NONNULL = YES;
				CLANG_ANALYZER_NUMBER_OBJECT_CONVERSION = YES_AGGRESSIVE;
				CLANG_CXX_LANGUAGE_STANDARD = "gnu++14";
				CLANG_CXX_LIBRARY = "libc++";
				CLANG_ENABLE_MODULES = YES;
				CLANG_ENABLE_OBJC_ARC = YES;
				CLANG_ENABLE_OBJC_WEAK = YES;
				CLANG_WARN_BLOCK_CAPTURE_AUTORELEASING = YES;
				CLANG_WARN_BOOL_CONVERSION = YES;
				CLANG_WARN_COMMA = YES;
				CLANG_WARN_CONSTANT_CONVERSION = YES;
				CLANG_WARN_DEPRECATED_OBJC_IMPLEMENTATIONS = YES;
				CLANG_WARN_DIRECT_OBJC_ISA_USAGE = YES_ERROR;
				CLANG_WARN_DOCUMENTATION_COMMENTS = YES;
				CLANG_WARN_EMPTY_BODY = YES;
				CLANG_WARN_ENUM_CONVERSION = YES;
				CLANG_WARN_INFINITE_RECURSION = YES;
				CLANG_WARN_INT_CONVERSION = YES;
				CLANG_WARN_NON_LITERAL_NULL_CONVERSION = YES;
				CLANG_WARN_OBJC_IMPLICIT_RETAIN_SELF = YES;
				CLANG_WARN_OBJC_LITERAL_CONVERSION = YES;
				CLANG_WARN_OBJC_ROOT_CLASS = YES_ERROR;
				CLANG_WARN_RANGE_LOOP_ANALYSIS = YES;
				CLANG_WARN_STRICT_PROTOTYPES = YES;
				CLANG_WARN_SUSPICIOUS_MOVE = YES;
				CLANG_WARN_UNGUARDED_AVAILABILITY = YES_AGGRESSIVE;
				CLANG_WARN_UNREACHABLE_CODE = YES;
				CLANG_WARN__DUPLICATE_METHOD_MATCH = YES;
				CODE_SIGN_IDENTITY = "iPhone Developer";
				COPY_PHASE_STRIP = NO;
				DEBUG_INFORMATION_FORMAT = dwarf;
				ENABLE_STRICT_OBJC_MSGSEND = YES;
				ENABLE_TESTABILITY = YES;
				GCC_C_LANGUAGE_STANDARD = gnu11;
				GCC_DYNAMIC_NO_PIC = NO;
				GCC_NO_COMMON_BLOCKS = YES;
				GCC_OPTIMIZATION_LEVEL = 0;
				GCC_PREPROCESSOR_DEFINITIONS = (
					"DEBUG=1",
					"$(inherited)",
				);
				GCC_WARN_64_TO_32_BIT_CONVERSION = YES;
				GCC_WARN_ABOUT_RETURN_TYPE = YES_ERROR;
				GCC_WARN_UNDECLARED_SELECTOR = YES;
				GCC_WARN_UNINITIALIZED_AUTOS = YES_AGGRESSIVE;
				GCC_WARN_UNUSED_FUNCTION = YES;
				GCC_WARN_UNUSED_VARIABLE = YES;
				IPHONEOS_DEPLOYMENT_TARGET = 11.4;
				MTL_ENABLE_DEBUG_INFO = YES;
				ONLY_ACTIVE_ARCH = YES;
				SDKROOT = iphoneos;
				SWIFT_ACTIVE_COMPILATION_CONDITIONS = DEBUG;
				SWIFT_OPTIMIZATION_LEVEL = "-Onone";
			};
			name = Debug;
		};
		FBFDBC7A2131FD82007159F0 /* Release */ = {
			isa = XCBuildConfiguration;
			buildSettings = {
				ALWAYS_SEARCH_USER_PATHS = NO;
				CLANG_ANALYZER_NONNULL = YES;
				CLANG_ANALYZER_NUMBER_OBJECT_CONVERSION = YES_AGGRESSIVE;
				CLANG_CXX_LANGUAGE_STANDARD = "gnu++14";
				CLANG_CXX_LIBRARY = "libc++";
				CLANG_ENABLE_MODULES = YES;
				CLANG_ENABLE_OBJC_ARC = YES;
				CLANG_ENABLE_OBJC_WEAK = YES;
				CLANG_WARN_BLOCK_CAPTURE_AUTORELEASING = YES;
				CLANG_WARN_BOOL_CONVERSION = YES;
				CLANG_WARN_COMMA = YES;
				CLANG_WARN_CONSTANT_CONVERSION = YES;
				CLANG_WARN_DEPRECATED_OBJC_IMPLEMENTATIONS = YES;
				CLANG_WARN_DIRECT_OBJC_ISA_USAGE = YES_ERROR;
				CLANG_WARN_DOCUMENTATION_COMMENTS = YES;
				CLANG_WARN_EMPTY_BODY = YES;
				CLANG_WARN_ENUM_CONVERSION = YES;
				CLANG_WARN_INFINITE_RECURSION = YES;
				CLANG_WARN_INT_CONVERSION = YES;
				CLANG_WARN_NON_LITERAL_NULL_CONVERSION = YES;
				CLANG_WARN_OBJC_IMPLICIT_RETAIN_SELF = YES;
				CLANG_WARN_OBJC_LITERAL_CONVERSION = YES;
				CLANG_WARN_OBJC_ROOT_CLASS = YES_ERROR;
				CLANG_WARN_RANGE_LOOP_ANALYSIS = YES;
				CLANG_WARN_STRICT_PROTOTYPES = YES;
				CLANG_WARN_SUSPICIOUS_MOVE = YES;
				CLANG_WARN_UNGUARDED_AVAILABILITY = YES_AGGRESSIVE;
				CLANG_WARN_UNREACHABLE_CODE = YES;
				CLANG_WARN__DUPLICATE_METHOD_MATCH = YES;
				CODE_SIGN_IDENTITY = "iPhone Developer";
				COPY_PHASE_STRIP = NO;
				DEBUG_INFORMATION_FORMAT = "dwarf-with-dsym";
				ENABLE_NS_ASSERTIONS = NO;
				ENABLE_STRICT_OBJC_MSGSEND = YES;
				GCC_C_LANGUAGE_STANDARD = gnu11;
				GCC_NO_COMMON_BLOCKS = YES;
				GCC_WARN_64_TO_32_BIT_CONVERSION = YES;
				GCC_WARN_ABOUT_RETURN_TYPE = YES_ERROR;
				GCC_WARN_UNDECLARED_SELECTOR = YES;
				GCC_WARN_UNINITIALIZED_AUTOS = YES_AGGRESSIVE;
				GCC_WARN_UNUSED_FUNCTION = YES;
				GCC_WARN_UNUSED_VARIABLE = YES;
				IPHONEOS_DEPLOYMENT_TARGET = 11.4;
				MTL_ENABLE_DEBUG_INFO = NO;
				SDKROOT = iphoneos;
				SWIFT_COMPILATION_MODE = wholemodule;
				SWIFT_OPTIMIZATION_LEVEL = "-O";
				VALIDATE_PRODUCT = YES;
			};
			name = Release;
		};
		FBFDBC7C2131FD82007159F0 /* Debug */ = {
			isa = XCBuildConfiguration;
			buildSettings = {
				ASSETCATALOG_COMPILER_APPICON_NAME = AppIcon;
				CODE_SIGN_STYLE = Automatic;
				DEVELOPMENT_TEAM = TF3T5H8VLW;
				INFOPLIST_FILE = EmojiArt/Info.plist;
				LD_RUNPATH_SEARCH_PATHS = (
					"$(inherited)",
					"@executable_path/Frameworks",
				);
				PRODUCT_BUNDLE_IDENTIFIER = Personal.EmojiArt1234;
				PRODUCT_NAME = "$(TARGET_NAME)";
				SWIFT_VERSION = 4.0;
				TARGETED_DEVICE_FAMILY = "1,2";
			};
			name = Debug;
		};
		FBFDBC7D2131FD82007159F0 /* Release */ = {
			isa = XCBuildConfiguration;
			buildSettings = {
				ASSETCATALOG_COMPILER_APPICON_NAME = AppIcon;
				CODE_SIGN_STYLE = Automatic;
				DEVELOPMENT_TEAM = TF3T5H8VLW;
				INFOPLIST_FILE = EmojiArt/Info.plist;
				LD_RUNPATH_SEARCH_PATHS = (
					"$(inherited)",
					"@executable_path/Frameworks",
				);
				PRODUCT_BUNDLE_IDENTIFIER = Personal.EmojiArt1234;
				PRODUCT_NAME = "$(TARGET_NAME)";
				SWIFT_VERSION = 4.0;
				TARGETED_DEVICE_FAMILY = "1,2";
			};
			name = Release;
		};
/* End XCBuildConfiguration section */

/* Begin XCConfigurationList section */
		FBFDBC642131FD81007159F0 /* Build configuration list for PBXProject "EmojiArt" */ = {
			isa = XCConfigurationList;
			buildConfigurations = (
				FBFDBC792131FD82007159F0 /* Debug */,
				FBFDBC7A2131FD82007159F0 /* Release */,
			);
			defaultConfigurationIsVisible = 0;
			defaultConfigurationName = Release;
		};
		FBFDBC7B2131FD82007159F0 /* Build configuration list for PBXNativeTarget "EmojiArt" */ = {
			isa = XCConfigurationList;
			buildConfigurations = (
				FBFDBC7C2131FD82007159F0 /* Debug */,
				FBFDBC7D2131FD82007159F0 /* Release */,
			);
			defaultConfigurationIsVisible = 0;
			defaultConfigurationName = Release;
		};
/* End XCConfigurationList section */
	};
	rootObject = FBFDBC612131FD81007159F0 /* Project object */;
}
